
Microsoft Visual Studio Solution File, Format Version 12.00
# Visual Studio Version 17
VisualStudioVersion = 17.14.37111.16
MinimumVisualStudioVersion = 10.0.40219.1
Project("{FAE04EC0-301F-11D3-BF4B-00C04F79EFBC}") = "WeatherMinimalApi", "WeatherMinimalApi\WeatherMinimalApi.csproj", "{8C1ECBEF-812B-4EFC-978F-D67BA4942F4C}"
EndProject
Project("{FAE04EC0-301F-11D3-BF4B-00C04F79EFBC}") = "WeatherExternalApi", "WeatherExternalApi\WeatherExternalApi.csproj", "{C139F2DF-0501-4015-B40A-039A1588FBEB}"
EndProject
Project("{FAE04EC0-301F-11D3-BF4B-00C04F79EFBC}") = "CitiesApi", "CitiesApi\CitiesApi.csproj", "{4A723F3A-5CAE-4363-9F2A-59EA9B206C62}"
EndProject
Project("{FAE04EC0-301F-11D3-BF4B-00C04F79EFBC}") = "ErrorsApi", "ErrorsApi\ErrorsApi.csproj", "{17CDB4FA-1DEE-42F3-A4B9-DB0B849F7577}"
EndProject
Global
	GlobalSection(SolutionConfigurationPlatforms) = preSolution
		Debug|Any CPU = Debug|Any CPU
		Release|Any CPU = Release|Any CPU
	EndGlobalSection
	GlobalSection(ProjectConfigurationPlatforms) = postSolution
		{8C1ECBEF-812B-4EFC-978F-D67BA4942F4C}.Debug|Any CPU.ActiveCfg = Debug|Any CPU
		{8C1ECBEF-812B-4EFC-978F-D67BA4942F4C}.Debug|Any CPU.Build.0 = Debug|Any CPU
		{8C1ECBEF-812B-4EFC-978F-D67BA4942F4C}.Release|Any CPU.ActiveCfg = Release|Any CPU
		{8C1ECBEF-812B-4EFC-978F-D67BA4942F4C}.Release|Any CPU.Build.0 = Release|Any CPU
		{C139F2DF-0501-4015-B40A-039A1588FBEB}.Debug|Any CPU.ActiveCfg = Debug|Any CPU
		{C139F2DF-0501-4015-B40A-039A1588FBEB}.Debug|Any CPU.Build.0 = Debug|Any CPU
		{C139F2DF-0501-4015-B40A-039A1588FBEB}.Release|Any CPU.ActiveCfg = Release|Any CPU
		{C139F2DF-0501-4015-B40A-039A1588FBEB}.Release|Any CPU.Build.0 = Release|Any CPU
		{4A723F3A-5CAE-4363-9F2A-59EA9B206C62}.Debug|Any CPU.ActiveCfg = Debug|Any CPU
		{4A723F3A-5CAE-4363-9F2A-59EA9B206C62}.Debug|Any CPU.Build.0 = Debug|Any CPU
		{4A723F3A-5CAE-4363-9F2A-59EA9B206C62}.Release|Any CPU.ActiveCfg = Release|Any CPU
		{4A723F3A-5CAE-4363-9F2A-59EA9B206C62}.Release|Any CPU.Build.0 = Release|Any CPU
		{17CDB4FA-1DEE-42F3-A4B9-DB0B849F7577}.Debug|Any CPU.ActiveCfg = Debug|Any CPU
		{17CDB4FA-1DEE-42F3-A4B9-DB0B849F7577}.Debug|Any CPU.Build.0 = Debug|Any CPU
		{17CDB4FA-1DEE-42F3-A4B9-DB0B849F7577}.Release|Any CPU.ActiveCfg = Release|Any CPU
		{17CDB4FA-1DEE-42F3-A4B9-DB0B849F7577}.Release|Any CPU.Build.0 = Release|Any CPU
	EndGlobalSection
	GlobalSection(SolutionProperties) = preSolution
		HideSolutionNode = FALSE
	EndGlobalSection
	GlobalSection(ExtensibilityGlobals) = postSolution
		SolutionGuid = {DDD12FC2-B0B3-424B-9968-A0F571DEB35B}
	EndGlobalSection
EndGlobal
